# THIS IS AN AUTOGENERATED FILE. DO NOT EDIT THIS FILE DIRECTLY.
# yarn lockfile v1


async@0.2.x:
  version "0.2.10"
  resolved "https://registry.yarnpkg.com/async/-/async-0.2.10.tgz#b6bbe0b0674b9d719708ca38de8c237cb526c3d1"
  integrity sha1-trvgsGdLnXGXCMo43owjfLUmw9E=

country-reverse-geocoding@^0.2.2:
  version "0.2.2"
  resolved "https://registry.yarnpkg.com/country-reverse-geocoding/-/country-reverse-geocoding-0.2.2.tgz#d22b0f45be3ddc6ab58338601fe2241ce9c34cf7"
  integrity sha1-0isPRb493Gq1gzhgH+IkHOnDTPc=
  dependencies:
    fwk "1.0.x"

fwk@1.0.x:
  version "1.0.11"
  resolved "https://registry.yarnpkg.com/fwk/-/fwk-1.0.11.tgz#098c8f7172ec25134ec86a1473affa364d404347"
  integrity sha1-CYyPcXLsJRNOyGoUc6/6Nk1AQ0c=
  dependencies:
    async "0.2.x"
    should "0.6.x"

should@0.6.x:
  version "0.6.3"
  resolved "https://registry.yarnpkg.com/should/-/should-0.6.3.tgz#d4b55335c8908f3a6c47970b687f750372acdc73"
  integrity sha1-1LVTNciQjzpsR5cLaH91A3Ks3HM=
