# THIS IS AN AUTOGENERATED FILE. DO NOT EDIT THIS FILE DIRECTLY.
# yarn lockfile v1


"@osm_borders/maritime_10m@^1.1.0":
  version "1.1.0"
  resolved "https://registry.yarnpkg.com/@osm_borders/maritime_10m/-/maritime_10m-1.1.0.tgz#027599d776eae680d688b7160e374a531a1a8bba"
  integrity sha512-Mln0gqbYzjqNX7iGtEt3np16nfGwjwADTuUg7J5LQTqlqUBDxsWaxQmsKtkJCumvc/pl7QZu8lvEs41JMs+zbQ==

"@turf/bbox@^6.0.1", "@turf/bbox@^6.5.0":
  version "6.5.0"
  resolved "https://registry.yarnpkg.com/@turf/bbox/-/bbox-6.5.0.tgz#bec30a744019eae420dac9ea46fb75caa44d8dc5"
  integrity sha512-RBbLaao5hXTYyyg577iuMtDB8ehxMlUqHEJiMs8jT1GHkFhr6sYre3lmLsPeYEi/ZKj5TP5tt7fkzNdJ4GIVyw==
  dependencies:
    "@turf/helpers" "^6.5.0"
    "@turf/meta" "^6.5.0"

"@turf/boolean-contains@^6.0.1":
  version "6.5.0"
  resolved "https://registry.yarnpkg.com/@turf/boolean-contains/-/boolean-contains-6.5.0.tgz#f802e7432fb53109242d5bf57393ef2f53849bbf"
  integrity sha512-4m8cJpbw+YQcKVGi8y0cHhBUnYT+QRfx6wzM4GI1IdtYH3p4oh/DOBJKrepQyiDzFDaNIjxuWXBh0ai1zVwOQQ==
  dependencies:
    "@turf/bbox" "^6.5.0"
    "@turf/boolean-point-in-polygon" "^6.5.0"
    "@turf/boolean-point-on-line" "^6.5.0"
    "@turf/helpers" "^6.5.0"
    "@turf/invariant" "^6.5.0"

"@turf/boolean-point-in-polygon@^6.5.0":
  version "6.5.0"
  resolved "https://registry.yarnpkg.com/@turf/boolean-point-in-polygon/-/boolean-point-in-polygon-6.5.0.tgz#6d2e9c89de4cd2e4365004c1e51490b7795a63cf"
  integrity sha512-DtSuVFB26SI+hj0SjrvXowGTUCHlgevPAIsukssW6BG5MlNSBQAo70wpICBNJL6RjukXg8d2eXaAWuD/CqL00A==
  dependencies:
    "@turf/helpers" "^6.5.0"
    "@turf/invariant" "^6.5.0"

"@turf/boolean-point-on-line@^6.5.0":
  version "6.5.0"
  resolved "https://registry.yarnpkg.com/@turf/boolean-point-on-line/-/boolean-point-on-line-6.5.0.tgz#a8efa7bad88760676f395afb9980746bc5b376e9"
  integrity sha512-A1BbuQ0LceLHvq7F/P7w3QvfpmZqbmViIUPHdNLvZimFNLo4e6IQunmzbe+8aSStH9QRZm3VOflyvNeXvvpZEQ==
  dependencies:
    "@turf/helpers" "^6.5.0"
    "@turf/invariant" "^6.5.0"

"@turf/helpers@^6.5.0":
  version "6.5.0"
  resolved "https://registry.yarnpkg.com/@turf/helpers/-/helpers-6.5.0.tgz#f79af094bd6b8ce7ed2bd3e089a8493ee6cae82e"
  integrity sha512-VbI1dV5bLFzohYYdgqwikdMVpe7pJ9X3E+dlr425wa2/sMJqYDhTO++ec38/pcPvPE6oD9WEEeU3Xu3gza+VPw==

"@turf/invariant@^6.5.0":
  version "6.5.0"
  resolved "https://registry.yarnpkg.com/@turf/invariant/-/invariant-6.5.0.tgz#970afc988023e39c7ccab2341bd06979ddc7463f"
  integrity sha512-Wv8PRNCtPD31UVbdJE/KVAWKe7l6US+lJItRR/HOEW3eh+U/JwRCSUl/KZ7bmjM/C+zLNoreM2TU6OoLACs4eg==
  dependencies:
    "@turf/helpers" "^6.5.0"

"@turf/meta@^6.5.0":
  version "6.5.0"
  resolved "https://registry.yarnpkg.com/@turf/meta/-/meta-6.5.0.tgz#b725c3653c9f432133eaa04d3421f7e51e0418ca"
  integrity sha512-RrArvtsV0vdsCBegoBtOalgdSOfkBrTJ07VkpiCnq/491W67hnMWmDu7e6Ztw0C3WldRYTXkg3SumfdzZxLBHA==
  dependencies:
    "@turf/helpers" "^6.5.0"

"@types/node@^22.10.0":
  version "22.20.0"
  resolved "https://registry.yarnpkg.com/@types/node/-/node-22.20.0.tgz#431f5007396bc1a1a47b9c7df60f3e5e0b5b7304"
  integrity sha512-QWlFW2wf3nTjC13/DqRnBpR4ZO36VJH/JVBkA/vcnmbTBNQIlnObqyqZE1tUR7+Ni23Lda8R1BxMfbXRpCUx5g==
  dependencies:
    undici-types "~6.21.0"

coordinate_to_country@^1.1.0:
  version "1.1.0"
  resolved "https://registry.yarnpkg.com/coordinate_to_country/-/coordinate_to_country-1.1.0.tgz#c12183ea24c1331851b557127febd6a118dfaf17"
  integrity sha512-kLMIFZpnZb1W7KcJnTehWBTOLZjVnx0udZaHj8b5nN5Qmoj+mYQrWEhNm8lBDZm+r12BEIaZFhmrHgWkD6IAXQ==
  dependencies:
    "@osm_borders/maritime_10m" "^1.1.0"
    geojson-geometries-lookup "^0.5.0"

country-code-lookup@^0.0.22:
  version "0.0.22"
  resolved "https://registry.yarnpkg.com/country-code-lookup/-/country-code-lookup-0.0.22.tgz#9ba8728cf0daf8ec6b598b6da8e18048d22e36d9"
  integrity sha512-MAeQDq6i7/lSKB6lp20HWrlL5bIVNfWyQQJ/FmRac6VNBj+cTgyMv8D+pauV/GMpcgSLD5ODYb3RcRD1OvtCYA==

country-coder@^2.1.0:
  version "2.1.0"
  resolved "https://registry.yarnpkg.com/country-coder/-/country-coder-2.1.0.tgz#1d2f31e9d78d8aa6bbf40d46439f3792c5c64025"
  integrity sha512-8J+IwJcMABKh138lHC/Kwr58B318hXbwt8V2QzJN6xprbbhu1CigfX/+HJPfajH3zIBpdWPMpqK7ggp9cbqGrw==
  dependencies:
    which-polygon "^2.2.0"

geojson-geometries-lookup@^0.5.0:
  version "0.5.0"
  resolved "https://registry.yarnpkg.com/geojson-geometries-lookup/-/geojson-geometries-lookup-0.5.0.tgz#bd3033a91ff274551a480efd5daf819957ffa043"
  integrity sha512-AfadxaBda6VTwwX4USLiVofFaz0HIjubC7ZC15hGTvc8K0di3pmCNWGFotKJeURSxYPbJLFoet34X3JrIKFX4A==
  dependencies:
    "@turf/bbox" "^6.0.1"
    "@turf/boolean-contains" "^6.0.1"
    geojson-geometries "^2.0.0"
    rbush "^3.0.1"

geojson-geometries@^2.0.0:
  version "2.0.0"
  resolved "https://registry.yarnpkg.com/geojson-geometries/-/geojson-geometries-2.0.0.tgz#faac47174b0c96a448cba8ba4febbfc224339f82"
  integrity sha512-HKljxKnbJrdkr7ijg5/nvcr1b81HP+C/rS48cJwRb3xEqiEynlGkRVkQ/msopw+EE3gf7DjEKdZyEGMck0bOpw==

lineclip@^1.1.5:
  version "1.1.5"
  resolved "https://registry.yarnpkg.com/lineclip/-/lineclip-1.1.5.tgz#2bf26067d94354feabf91e42768236db5616fd13"
  integrity sha512-KlA/wRSjpKl7tS9iRUdlG72oQ7qZ1IlVbVgHwoO10TBR/4gQ86uhKow6nlzMAJJhjCWKto8OeoAzzIzKSmN25A==

quickselect@^1.0.1:
  version "1.1.1"
  resolved "https://registry.yarnpkg.com/quickselect/-/quickselect-1.1.1.tgz#852e412ce418f237ad5b660d70cffac647ae94c2"
  integrity sha512-qN0Gqdw4c4KGPsBOQafj6yj/PA6c/L63f6CaZ/DCF/xF4Esu3jVmKLUDYxghFx8Kb/O7y9tI7x2RjTSXwdK1iQ==

quickselect@^2.0.0:
  version "2.0.0"
  resolved "https://registry.yarnpkg.com/quickselect/-/quickselect-2.0.0.tgz#f19680a486a5eefb581303e023e98faaf25dd018"
  integrity sha512-RKJ22hX8mHe3Y6wH/N3wCM6BWtjaxIyyUIkpHOvfFnxdI4yD4tBXEBKSbriGujF6jnSVkJrffuo6vxACiSSxIw==

rbush@^2.0.1:
  version "2.0.2"
  resolved "https://registry.yarnpkg.com/rbush/-/rbush-2.0.2.tgz#bb6005c2731b7ba1d5a9a035772927d16a614605"
  integrity sha512-XBOuALcTm+O/H8G90b6pzu6nX6v2zCKiFG4BJho8a+bY6AER6t8uQUZdi5bomQc0AprCWhEGa7ncAbbRap0bRA==
  dependencies:
    quickselect "^1.0.1"

rbush@^3.0.1:
  version "3.0.1"
  resolved "https://registry.yarnpkg.com/rbush/-/rbush-3.0.1.tgz#5fafa8a79b3b9afdfe5008403a720cc1de882ecf"
  integrity sha512-XRaVO0YecOpEuIvbhbpTrZgoiI6xBlz6hnlr6EHhd+0x9ase6EmeN+hdwwUaJvLcsFFQ8iWVF1GAK1yB0BWi0w==
  dependencies:
    quickselect "^2.0.0"

typescript@^5.7.0:
  version "5.9.3"
  resolved "https://registry.yarnpkg.com/typescript/-/typescript-5.9.3.tgz#5b4f59e15310ab17a216f5d6cf53ee476ede670f"
  integrity sha512-jl1vZzPDinLr9eUt3J/t7V6FgNEw9QjvBPdysz9KfQDD41fQrC2Y4vKQdiaUpFT4bXlb1RHhLpp8wtm6M5TgSw==

undici-types@~6.21.0:
  version "6.21.0"
  resolved "https://registry.yarnpkg.com/undici-types/-/undici-types-6.21.0.tgz#691d00af3909be93a7faa13be61b3a5b50ef12cb"
  integrity sha512-iwDZqg0QAGrg9Rav5H4n0M64c3mkR59cJ6wQp+7C4nI0gsmExaedaYLNO44eT4AtBBwjbTiGPMlt2Md0T9H9JQ==

which-polygon@^2.2.0:
  version "2.2.1"
  resolved "https://registry.yarnpkg.com/which-polygon/-/which-polygon-2.2.1.tgz#093d76c9628ee12bfae39448609accbdcc268c31"
  integrity sha512-RlpWbqz12OMT0r2lEHk7IUPXz0hb1L/ZZsGushB2P2qxuBu1aq1+bcTfsLtfoRBYHsED6ruBMiwFaidvXZfQVw==
  dependencies:
    lineclip "^1.1.5"
    rbush "^2.0.1"
